// !$*UTF8*$!
{
	archiveVersion = 1;
	classes = {
	};
	objectVersion = 46;
	objects = {

/* Begin PBXBuildFile section */
		EA057F2E1F6A151500B5E52F /* WelcomeViewController.swift in Sources */ = {isa = PBXBuildFile; fileRef = EA057F2D1F6A151500B5E52F /* WelcomeViewController.swift */; };
		FA5979011F69D75C007F7C82 /* AppDelegate.swift in Sources */ = {isa = PBXBuildFile; fileRef = FA5979001F69D75C007F7C82 /* AppDelegate.swift */; };
		FA5979031F69D75C007F7C82 /* ViewController.swift in Sources */ = {isa = PBXBuildFile; fileRef = FA5979021F69D75C007F7C82 /* ViewController.swift */; };
		FA5979061F69D75C007F7C82 /* Main.storyboard in Resources */ = {isa = PBXBuildFile; fileRef = FA5979041F69D75C007F7C82 /* Main.storyboard */; };
		FA5979081F69D75C007F7C82 /* Assets.xcassets in Resources */ = {isa = PBXBuildFile; fileRef = FA5979071F69D75C007F7C82 /* Assets.xcassets */; };
		FA59790B1F69D75C007F7C82 /* LaunchScreen.storyboard in Resources */ = {isa = PBXBuildFile; fileRef = FA5979091F69D75C007F7C82 /* LaunchScreen.storyboard */; };
/* End PBXBuildFile section */

/* Begin PBXFileReference section */
		EA057F2D1F6A151500B5E52F /* WelcomeViewController.swift */ = {isa = PBXFileReference; lastKnownFileType = sourcecode.swift; path = WelcomeViewController.swift; sourceTree = "<group>"; };
		FA5978FD1F69D75C007F7C82 /* ProyectoMoviles.app */ = {isa = PBXFileReference; explicitFileType = wrapper.application; includeInIndex = 0; path = ProyectoMoviles.app; sourceTree = BUILT_PRODUCTS_DIR; };
		FA5979001F69D75C007F7C82 /* AppDelegate.swift */ = {isa = PBXFileReference; lastKnownFileType = sourcecode.swift; path = AppDelegate.swift; sourceTree = "<group>"; };
		FA5979021F69D75C007F7C82 /* ViewController.swift */ = {isa = PBXFileReference; lastKnownFileType = sourcecode.swift; path = ViewController.swift; sourceTree = "<group>"; };
		FA5979051F69D75C007F7C82 /* Base */ = {isa = PBXFileReference; lastKnownFileType = file.storyboard; name = Base; path = Base.lproj/Main.storyboard; sourceTree = "<group>"; };
		FA5979071F69D75C007F7C82 /* Assets.xcassets */ = {isa = PBXFileReference; lastKnownFileType = folder.assetcatalog; path = Assets.xcassets; sourceTree = "<group>"; };
		FA59790A1F69D75C007F7C82 /* Base */ = {isa = PBXFileReference; lastKnownFileType = file.storyboard; name = Base; path = Base.lproj/LaunchScreen.storyboard; sourceTree = "<group>"; };
		FA59790C1F69D75C007F7C82 /* Info.plist */ = {isa = PBXFileReference; lastKnownFileType = text.plist.xml; path = Info.plist; sourceTree = "<group>"; };
/* End PBXFileReference section */

/* Begin PBXFrameworksBuildPhase section */
		FA5978FA1F69D75C007F7C82 /* Frameworks */ = {
			isa = PBXFrameworksBuildPhase;
			buildActionMask = 2147483647;
			files = (
			);
			runOnlyForDeploymentPostprocessing = 0;
		};
/* End PBXFrameworksBuildPhase section */

/* Begin PBXGroup section */
		FA5978F41F69D75C007F7C82 = {
			isa = PBXGroup;
			children = (
				FA5978FF1F69D75C007F7C82 /* ProyectoMoviles */,
				FA5978FE1F69D75C007F7C82 /* Products */,
			);
			sourceTree = "<group>";
		};
		FA5978FE1F69D75C007F7C82 /* Products */ = {
			isa = PBXGroup;
			children = (
				FA5978FD1F69D75C007F7C82 /* ProyectoMoviles.app */,
			);
			name = Products;
			sourceTree = "<group>";
		};
		FA5978FF1F69D75C007F7C82 /* ProyectoMoviles */ = {
			isa = PBXGroup;
			children = (
				FA5979001F69D75C007F7C82 /* AppDelegate.swift */,
				FA5979021F69D75C007F7C82 /* ViewController.swift */,
				FA5979041F69D75C007F7C82 /* Main.storyboard */,
				FA5979071F69D75C007F7C82 /* Assets.xcassets */,
				FA5979091F69D75C007F7C82 /* LaunchScreen.storyboard */,
				FA59790C1F69D75C007F7C82 /* Info.plist */,
				EA057F2D1F6A151500B5E52F /* WelcomeViewController.swift */,
			);
			path = ProyectoMoviles;
			sourceTree = "<group>";
		};
/* End PBXGroup section */

/* Begin PBXNativeTarget section */
		FA5978FC1F69D75C007F7C82 /* ProyectoMoviles */ = {
			isa = PBXNativeTarget;
			buildConfigurationList = FA59790F1F69D75C007F7C82 /* Build configuration list for PBXNativeTarget "ProyectoMoviles" */;
			buildPhases = (
				FA5978F91F69D75C007F7C82 /* Sources */,
				FA5978FA1F69D75C007F7C82 /* Frameworks */,
				FA5978FB1F69D75C007F7C82 /* Resources */,
			);
			buildRules = (
			);
			dependencies = (
			);
			name = ProyectoMoviles;
			productName = ProyectoMoviles;
			productReference = FA5978FD1F69D75C007F7C82 /* ProyectoMoviles.app */;
			productType = "com.apple.product-type.application";
		};
/* End PBXNativeTarget section */

/* Begin PBXProject section */
		FA5978F51F69D75C007F7C82 /* Project object */ = {
			isa = PBXProject;
			attributes = {
				LastSwiftUpdateCheck = 0830;
				LastUpgradeCheck = 0830;
				ORGANIZATIONNAME = alejandroCortizoFranza;
				TargetAttributes = {
					FA5978FC1F69D75C007F7C82 = {
						CreatedOnToolsVersion = 8.3.3;
						DevelopmentTeam = 4J66785M8S;
						ProvisioningStyle = Automatic;
					};
				};
			};
			buildConfigurationList = FA5978F81F69D75C007F7C82 /* Build configuration list for PBXProject "ProyectoMoviles" */;
			compatibilityVersion = "Xcode 3.2";
			developmentRegion = English;
			hasScannedForEncodings = 0;
			knownRegions = (
				en,
				Base,
			);
			mainGroup = FA5978F41F69D75C007F7C82;
			productRefGroup = FA5978FE1F69D75C007F7C82 /* Products */;
			projectDirPath = "";
			projectRoot = "";
			targets = (
				FA5978FC1F69D75C007F7C82 /* ProyectoMoviles */,
			);
		};
/* End PBXProject section */

/* Begin PBXResourcesBuildPhase section */
		FA5978FB1F69D75C007F7C82 /* Resources */ = {
			isa = PBXResourcesBuildPhase;
			buildActionMask = 2147483647;
			files = (
				FA59790B1F69D75C007F7C82 /* LaunchScreen.storyboard in Resources */,
				FA5979081F69D75C007F7C82 /* Assets.xcassets in Resources */,
				FA5979061F69D75C007F7C82 /* Main.storyboard in Resources */,
			);
			runOnlyForDeploymentPostprocessing = 0;
		};
/* End PBXResourcesBuildPhase section */

/* Begin PBXSourcesBuildPhase section */
		FA5978F91F69D75C007F7C82 /* Sources */ = {
			isa = PBXSourcesBuildPhase;
			buildActionMask = 2147483647;
			files = (
				EA057F2E1F6A151500B5E52F /* WelcomeViewController.swift in Sources */,
				FA5979031F69D75C007F7C82 /* ViewController.swift in Sources */,
				FA5979011F69D75C007F7C82 /* AppDelegate.swift in Sources */,
			);
			runOnlyForDeploymentPostprocessing = 0;
		};
/* End PBXSourcesBuildPhase section */

/* Begin PBXVariantGroup section */
		FA5979041F69D75C007F7C82 /* Main.storyboard */ = {
			isa = PBXVariantGroup;
			children = (
				FA5979051F69D75C007F7C82 /* Base */,
			);
			name = Main.storyboard;
			sourceTree = "<group>";
		};
		FA5979091F69D75C007F7C82 /* LaunchScreen.storyboard */ = {
			isa = PBXVariantGroup;
			children = (
				FA59790A1F69D75C007F7C82 /* Base */,
			);
			name = LaunchScreen.storyboard;
			sourceTree = "<group>";
		};
/* End PBXVariantGroup section */

/* Begin XCBuildConfiguration section */
		FA59790D1F69D75C007F7C82 /* Debug */ = {
			isa = XCBuildConfiguration;
			buildSettings = {
				ALWAYS_SEARCH_USER_PATHS = NO;
				CLANG_ANALYZER_NONNULL = YES;
				CLANG_ANALYZER_NUMBER_OBJECT_CONVERSION = YES_AGGRESSIVE;
				CLANG_CXX_LANGUAGE_STANDARD = "gnu++0x";
				CLANG_CXX_LIBRARY = "libc++";
				CLANG_ENABLE_MODULES = YES;
				CLANG_ENABLE_OBJC_ARC = YES;
				CLANG_WARN_BOOL_CONVERSION = YES;
				CLANG_WARN_CONSTANT_CONVERSION = YES;
				CLANG_WARN_DIRECT_OBJC_ISA_USAGE = YES_ERROR;
				CLANG_WARN_DOCUMENTATION_COMMENTS = YES;
				CLANG_WARN_EMPTY_BODY = YES;
				CLANG_WARN_ENUM_CONVERSION = YES;
				CLANG_WARN_INFINITE_RECURSION = YES;
				CLANG_WARN_INT_CONVERSION = YES;
				CLANG_WARN_OBJC_ROOT_CLASS = YES_ERROR;
				CLANG_WARN_SUSPICIOUS_MOVE = YES;
				CLANG_WARN_UNREACHABLE_CODE = YES;
				CLANG_WARN__DUPLICATE_METHOD_MATCH = YES;
				"CODE_SIGN_IDENTITY[sdk=iphoneos*]" = "iPhone Developer";
				COPY_PHASE_STRIP = NO;
				DEBUG_INFORMATION_FORMAT = dwarf;
				ENABLE_STRICT_OBJC_MSGSEND = YES;
				ENABLE_TESTABILITY = YES;
				GCC_C_LANGUAGE_STANDARD = gnu99;
				GCC_DYNAMIC_NO_PIC = NO;
				GCC_NO_COMMON_BLOCKS = YES;
				GCC_OPTIMIZATION_LEVEL = 0;
				GCC_PREPROCESSOR_DEFINITIONS = (
					"DEBUG=1",
					"$(inherited)",
				);
				GCC_WARN_64_TO_32_BIT_CONVERSION = YES;
				GCC_WARN_ABOUT_RETURN_TYPE = YES_ERROR;
				GCC_WARN_UNDECLARED_SELECTOR = YES;
				GCC_WARN_UNINITIALIZED_AUTOS = YES_AGGRESSIVE;
				GCC_WARN_UNUSED_FUNCTION = YES;
				GCC_WARN_UNUSED_VARIABLE = YES;
				IPHONEOS_DEPLOYMENT_TARGET = 10.3;
				MTL_ENABLE_DEBUG_INFO = YES;
				ONLY_ACTIVE_ARCH = YES;
				SDKROOT = iphoneos;
				SWIFT_ACTIVE_COMPILATION_CONDITIONS = DEBUG;
				SWIFT_OPTIMIZATION_LEVEL = "-Onone";
				TARGETED_DEVICE_FAMILY = "1,2";
			};
			name = Debug;
		};
		FA59790E1F69D75C007F7C82 /* Release */ = {
			isa = XCBuildConfiguration;
			buildSettings = {
				ALWAYS_SEARCH_USER_PATHS = NO;
				CLANG_ANALYZER_NONNULL = YES;
				CLANG_ANALYZER_NUMBER_OBJECT_CONVERSION = YES_AGGRESSIVE;
				CLANG_CXX_LANGUAGE_STANDARD = "gnu++0x";
				CLANG_CXX_LIBRARY = "libc++";
				CLANG_ENABLE_MODULES = YES;
				CLANG_ENABLE_OBJC_ARC = YES;
				CLANG_WARN_BOOL_CONVERSION = YES;
				CLANG_WARN_CONSTANT_CONVERSION = YES;
				CLANG_WARN_DIRECT_OBJC_ISA_USAGE = YES_ERROR;
				CLANG_WARN_DOCUMENTATION_COMMENTS = YES;
				CLANG_WARN_EMPTY_BODY = YES;
				CLANG_WARN_ENUM_CONVERSION = YES;
				CLANG_WARN_INFINITE_RECURSION = YES;
				CLANG_WARN_INT_CONVERSION = YES;
				CLANG_WARN_OBJC_ROOT_CLASS = YES_ERROR;
				CLANG_WARN_SUSPICIOUS_MOVE = YES;
				CLANG_WARN_UNREACHABLE_CODE = YES;
				CLANG_WARN__DUPLICATE_METHOD_MATCH = YES;
				"CODE_SIGN_IDENTITY[sdk=iphoneos*]" = "iPhone Developer";
				COPY_PHASE_STRIP = NO;
				DEBUG_INFORMATION_FORMAT = "dwarf-with-dsym";
				ENABLE_NS_ASSERTIONS = NO;
				ENABLE_STRICT_OBJC_MSGSEND = YES;
				GCC_C_LANGUAGE_STANDARD = gnu99;
				GCC_NO_COMMON_BLOCKS = YES;
				GCC_WARN_64_TO_32_BIT_CONVERSION = YES;
				GCC_WARN_ABOUT_RETURN_TYPE = YES_ERROR;
				GCC_WARN_UNDECLARED_SELECTOR = YES;
				GCC_WARN_UNINITIALIZED_AUTOS = YES_AGGRESSIVE;
				GCC_WARN_UNUSED_FUNCTION = YES;
				GCC_WARN_UNUSED_VARIABLE = YES;
				IPHONEOS_DEPLOYMENT_TARGET = 10.3;
				MTL_ENABLE_DEBUG_INFO = NO;
				SDKROOT = iphoneos;
				SWIFT_OPTIMIZATION_LEVEL = "-Owholemodule";
				TARGETED_DEVICE_FAMILY = "1,2";
				VALIDATE_PRODUCT = YES;
			};
			name = Release;
		};
		FA5979101F69D75C007F7C82 /* Debug */ = {
			isa = XCBuildConfiguration;
			buildSettings = {
				ASSETCATALOG_COMPILER_APPICON_NAME = AppIcon;
				DEVELOPMENT_TEAM = 4J66785M8S;
				INFOPLIST_FILE = ProyectoMoviles/Info.plist;
				LD_RUNPATH_SEARCH_PATHS = "$(inherited) @executable_path/Frameworks";
				PRODUCT_BUNDLE_IDENTIFIER = es.alejandroCortizoFranza.ProyectoMoviles;
				PRODUCT_NAME = "$(TARGET_NAME)";
				SWIFT_VERSION = 3.0;
			};
			name = Debug;
		};
		FA5979111F69D75C007F7C82 /* Release */ = {
			isa = XCBuildConfiguration;
			buildSettings = {
				ASSETCATALOG_COMPILER_APPICON_NAME = AppIcon;
				DEVELOPMENT_TEAM = 4J66785M8S;
				INFOPLIST_FILE = ProyectoMoviles/Info.plist;
				LD_RUNPATH_SEARCH_PATHS = "$(inherited) @executable_path/Frameworks";
				PRODUCT_BUNDLE_IDENTIFIER = es.alejandroCortizoFranza.ProyectoMoviles;
				PRODUCT_NAME = "$(TARGET_NAME)";
				SWIFT_VERSION = 3.0;
			};
			name = Release;
		};
/* End XCBuildConfiguration section */

/* Begin XCConfigurationList section */
		FA5978F81F69D75C007F7C82 /* Build configuration list for PBXProject "ProyectoMoviles" */ = {
			isa = XCConfigurationList;
			buildConfigurations = (
				FA59790D1F69D75C007F7C82 /* Debug */,
				FA59790E1F69D75C007F7C82 /* Release */,
			);
			defaultConfigurationIsVisible = 0;
			defaultConfigurationName = Release;
		};
		FA59790F1F69D75C007F7C82 /* Build configuration list for PBXNativeTarget "ProyectoMoviles" */ = {
			isa = XCConfigurationList;
			buildConfigurations = (
				FA5979101F69D75C007F7C82 /* Debug */,
				FA5979111F69D75C007F7C82 /* Release */,
			);
			defaultConfigurationIsVisible = 0;
			defaultConfigurationName = Release;
		};
/* End XCConfigurationList section */
	};
	rootObject = FA5978F51F69D75C007F7C82 /* Project object */;
}
