// !$*UTF8*$!
{
	archiveVersion = 1;
	classes = {
	};
	objectVersion = 46;
	objects = {

/* Begin PBXBuildFile section */
		BF0784A81FA6DCC2001BF4C4 /* EventoViewController.swift in Sources */ = {isa = PBXBuildFile; fileRef = BF0784A71FA6DCC2001BF4C4 /* EventoViewController.swift */; };
		BF0784AA1FA6F030001BF4C4 /* RutaDetalleViewController.swift in Sources */ = {isa = PBXBuildFile; fileRef = BF0784A91FA6F030001BF4C4 /* RutaDetalleViewController.swift */; };
		BF59C9621FA6B1D3005823C4 /* NotificationViewController.swift in Sources */ = {isa = PBXBuildFile; fileRef = BF59C9611FA6B1D3005823C4 /* NotificationViewController.swift */; };
		BFC9CA7C1FA5A756006410D2 /* DetalleRutasViewController.swift in Sources */ = {isa = PBXBuildFile; fileRef = BFC9CA7B1FA5A756006410D2 /* DetalleRutasViewController.swift */; };
		BFC9CA7E1FA69E02006410D2 /* UserViewController.swift in Sources */ = {isa = PBXBuildFile; fileRef = BFC9CA7D1FA69E02006410D2 /* UserViewController.swift */; };
		EA057F2E1F6A151500B5E52F /* WelcomeViewController.swift in Sources */ = {isa = PBXBuildFile; fileRef = EA057F2D1F6A151500B5E52F /* WelcomeViewController.swift */; };
		EAAFF7B91FCA74E800EA839B /* Interface.storyboard in Resources */ = {isa = PBXBuildFile; fileRef = EAAFF7B71FCA74E800EA839B /* Interface.storyboard */; };
		EAAFF7BB1FCA74E800EA839B /* Assets.xcassets in Resources */ = {isa = PBXBuildFile; fileRef = EAAFF7BA1FCA74E800EA839B /* Assets.xcassets */; };
		EAAFF7C21FCA74E900EA839B /* watch Extension.appex in Embed App Extensions */ = {isa = PBXBuildFile; fileRef = EAAFF7C11FCA74E900EA839B /* watch Extension.appex */; settings = {ATTRIBUTES = (RemoveHeadersOnCopy, ); }; };
		EAAFF7C71FCA74E900EA839B /* InterfaceController.swift in Sources */ = {isa = PBXBuildFile; fileRef = EAAFF7C61FCA74E900EA839B /* InterfaceController.swift */; };
		EAAFF7C91FCA74E900EA839B /* ExtensionDelegate.swift in Sources */ = {isa = PBXBuildFile; fileRef = EAAFF7C81FCA74E900EA839B /* ExtensionDelegate.swift */; };
		EAAFF7CB1FCA74E900EA839B /* Assets.xcassets in Resources */ = {isa = PBXBuildFile; fileRef = EAAFF7CA1FCA74E900EA839B /* Assets.xcassets */; };
		EAAFF7CF1FCA74E900EA839B /* watch.app in Embed Watch Content */ = {isa = PBXBuildFile; fileRef = EAAFF7B51FCA74E800EA839B /* watch.app */; };
		FA5979011F69D75C007F7C82 /* AppDelegate.swift in Sources */ = {isa = PBXBuildFile; fileRef = FA5979001F69D75C007F7C82 /* AppDelegate.swift */; };
		FA5979031F69D75C007F7C82 /* ViewController.swift in Sources */ = {isa = PBXBuildFile; fileRef = FA5979021F69D75C007F7C82 /* ViewController.swift */; };
		FA5979061F69D75C007F7C82 /* Main.storyboard in Resources */ = {isa = PBXBuildFile; fileRef = FA5979041F69D75C007F7C82 /* Main.storyboard */; };
		FA5979081F69D75C007F7C82 /* Assets.xcassets in Resources */ = {isa = PBXBuildFile; fileRef = FA5979071F69D75C007F7C82 /* Assets.xcassets */; };
		FA59790B1F69D75C007F7C82 /* LaunchScreen.storyboard in Resources */ = {isa = PBXBuildFile; fileRef = FA5979091F69D75C007F7C82 /* LaunchScreen.storyboard */; };
		FAB0EE661FA789EB006FC5D1 /* SeleccionRutaViewController.swift in Sources */ = {isa = PBXBuildFile; fileRef = FAB0EE651FA789EB006FC5D1 /* SeleccionRutaViewController.swift */; };
		FAB0EE681FA7926D006FC5D1 /* ObjectRutas.swift in Sources */ = {isa = PBXBuildFile; fileRef = FAB0EE671FA7926D006FC5D1 /* ObjectRutas.swift */; };
		FAB0EE6A1FA79CC5006FC5D1 /* ObjectParada.swift in Sources */ = {isa = PBXBuildFile; fileRef = FAB0EE691FA79CC5006FC5D1 /* ObjectParada.swift */; };
		FAB0EE6C1FA79D0A006FC5D1 /* ObjectDireccion.swift in Sources */ = {isa = PBXBuildFile; fileRef = FAB0EE6B1FA79D0A006FC5D1 /* ObjectDireccion.swift */; };
/* End PBXBuildFile section */

/* Begin PBXContainerItemProxy section */
		EAAFF7C31FCA74E900EA839B /* PBXContainerItemProxy */ = {
			isa = PBXContainerItemProxy;
			containerPortal = FA5978F51F69D75C007F7C82 /* Project object */;
			proxyType = 1;
			remoteGlobalIDString = EAAFF7C01FCA74E900EA839B;
			remoteInfo = "watch Extension";
		};
		EAAFF7CD1FCA74E900EA839B /* PBXContainerItemProxy */ = {
			isa = PBXContainerItemProxy;
			containerPortal = FA5978F51F69D75C007F7C82 /* Project object */;
			proxyType = 1;
			remoteGlobalIDString = EAAFF7B41FCA74E800EA839B;
			remoteInfo = watch;
		};
/* End PBXContainerItemProxy section */

/* Begin PBXCopyFilesBuildPhase section */
		EAAFF7D51FCA74E900EA839B /* Embed App Extensions */ = {
			isa = PBXCopyFilesBuildPhase;
			buildActionMask = 2147483647;
			dstPath = "";
			dstSubfolderSpec = 13;
			files = (
				EAAFF7C21FCA74E900EA839B /* watch Extension.appex in Embed App Extensions */,
			);
			name = "Embed App Extensions";
			runOnlyForDeploymentPostprocessing = 0;
		};
		EAAFF7D71FCA74E900EA839B /* Embed Watch Content */ = {
			isa = PBXCopyFilesBuildPhase;
			buildActionMask = 2147483647;
			dstPath = "$(CONTENTS_FOLDER_PATH)/Watch";
			dstSubfolderSpec = 16;
			files = (
				EAAFF7CF1FCA74E900EA839B /* watch.app in Embed Watch Content */,
			);
			name = "Embed Watch Content";
			runOnlyForDeploymentPostprocessing = 0;
		};
/* End PBXCopyFilesBuildPhase section */

/* Begin PBXFileReference section */
		BF0784A71FA6DCC2001BF4C4 /* EventoViewController.swift */ = {isa = PBXFileReference; lastKnownFileType = sourcecode.swift; path = EventoViewController.swift; sourceTree = "<group>"; };
		BF0784A91FA6F030001BF4C4 /* RutaDetalleViewController.swift */ = {isa = PBXFileReference; lastKnownFileType = sourcecode.swift; path = RutaDetalleViewController.swift; sourceTree = "<group>"; };
		BF59C9611FA6B1D3005823C4 /* NotificationViewController.swift */ = {isa = PBXFileReference; lastKnownFileType = sourcecode.swift; path = NotificationViewController.swift; sourceTree = "<group>"; };
		BFC9CA7B1FA5A756006410D2 /* DetalleRutasViewController.swift */ = {isa = PBXFileReference; lastKnownFileType = sourcecode.swift; path = DetalleRutasViewController.swift; sourceTree = "<group>"; };
		BFC9CA7D1FA69E02006410D2 /* UserViewController.swift */ = {isa = PBXFileReference; lastKnownFileType = sourcecode.swift; path = UserViewController.swift; sourceTree = "<group>"; };
		EA057F2D1F6A151500B5E52F /* WelcomeViewController.swift */ = {isa = PBXFileReference; lastKnownFileType = sourcecode.swift; path = WelcomeViewController.swift; sourceTree = "<group>"; };
		EAAFF7B51FCA74E800EA839B /* watch.app */ = {isa = PBXFileReference; explicitFileType = wrapper.application; includeInIndex = 0; path = watch.app; sourceTree = BUILT_PRODUCTS_DIR; };
		EAAFF7B81FCA74E800EA839B /* Base */ = {isa = PBXFileReference; lastKnownFileType = file.storyboard; name = Base; path = Base.lproj/Interface.storyboard; sourceTree = "<group>"; };
		EAAFF7BA1FCA74E800EA839B /* Assets.xcassets */ = {isa = PBXFileReference; lastKnownFileType = folder.assetcatalog; path = Assets.xcassets; sourceTree = "<group>"; };
		EAAFF7BC1FCA74E800EA839B /* Info.plist */ = {isa = PBXFileReference; lastKnownFileType = text.plist.xml; path = Info.plist; sourceTree = "<group>"; };
		EAAFF7C11FCA74E900EA839B /* watch Extension.appex */ = {isa = PBXFileReference; explicitFileType = "wrapper.app-extension"; includeInIndex = 0; path = "watch Extension.appex"; sourceTree = BUILT_PRODUCTS_DIR; };
		EAAFF7C61FCA74E900EA839B /* InterfaceController.swift */ = {isa = PBXFileReference; lastKnownFileType = sourcecode.swift; path = InterfaceController.swift; sourceTree = "<group>"; };
		EAAFF7C81FCA74E900EA839B /* ExtensionDelegate.swift */ = {isa = PBXFileReference; lastKnownFileType = sourcecode.swift; path = ExtensionDelegate.swift; sourceTree = "<group>"; };
		EAAFF7CA1FCA74E900EA839B /* Assets.xcassets */ = {isa = PBXFileReference; lastKnownFileType = folder.assetcatalog; path = Assets.xcassets; sourceTree = "<group>"; };
		EAAFF7CC1FCA74E900EA839B /* Info.plist */ = {isa = PBXFileReference; lastKnownFileType = text.plist.xml; path = Info.plist; sourceTree = "<group>"; };
		FA5978FD1F69D75C007F7C82 /* ProyectoMoviles.app */ = {isa = PBXFileReference; explicitFileType = wrapper.application; includeInIndex = 0; path = ProyectoMoviles.app; sourceTree = BUILT_PRODUCTS_DIR; };
		FA5979001F69D75C007F7C82 /* AppDelegate.swift */ = {isa = PBXFileReference; lastKnownFileType = sourcecode.swift; path = AppDelegate.swift; sourceTree = "<group>"; };
		FA5979021F69D75C007F7C82 /* ViewController.swift */ = {isa = PBXFileReference; lastKnownFileType = sourcecode.swift; path = ViewController.swift; sourceTree = "<group>"; };
		FA5979051F69D75C007F7C82 /* Base */ = {isa = PBXFileReference; lastKnownFileType = file.storyboard; name = Base; path = Base.lproj/Main.storyboard; sourceTree = "<group>"; };
		FA5979071F69D75C007F7C82 /* Assets.xcassets */ = {isa = PBXFileReference; lastKnownFileType = folder.assetcatalog; path = Assets.xcassets; sourceTree = "<group>"; };
		FA59790A1F69D75C007F7C82 /* Base */ = {isa = PBXFileReference; lastKnownFileType = file.storyboard; name = Base; path = Base.lproj/LaunchScreen.storyboard; sourceTree = "<group>"; };
		FA59790C1F69D75C007F7C82 /* Info.plist */ = {isa = PBXFileReference; lastKnownFileType = text.plist.xml; path = Info.plist; sourceTree = "<group>"; };
		FAB0EE651FA789EB006FC5D1 /* SeleccionRutaViewController.swift */ = {isa = PBXFileReference; lastKnownFileType = sourcecode.swift; path = SeleccionRutaViewController.swift; sourceTree = "<group>"; };
		FAB0EE671FA7926D006FC5D1 /* ObjectRutas.swift */ = {isa = PBXFileReference; lastKnownFileType = sourcecode.swift; path = ObjectRutas.swift; sourceTree = "<group>"; };
		FAB0EE691FA79CC5006FC5D1 /* ObjectParada.swift */ = {isa = PBXFileReference; lastKnownFileType = sourcecode.swift; path = ObjectParada.swift; sourceTree = "<group>"; };
		FAB0EE6B1FA79D0A006FC5D1 /* ObjectDireccion.swift */ = {isa = PBXFileReference; lastKnownFileType = sourcecode.swift; path = ObjectDireccion.swift; sourceTree = "<group>"; };
/* End PBXFileReference section */

/* Begin PBXFrameworksBuildPhase section */
		EAAFF7BE1FCA74E900EA839B /* Frameworks */ = {
			isa = PBXFrameworksBuildPhase;
			buildActionMask = 2147483647;
			files = (
			);
			runOnlyForDeploymentPostprocessing = 0;
		};
		FA5978FA1F69D75C007F7C82 /* Frameworks */ = {
			isa = PBXFrameworksBuildPhase;
			buildActionMask = 2147483647;
			files = (
			);
			runOnlyForDeploymentPostprocessing = 0;
		};
/* End PBXFrameworksBuildPhase section */

/* Begin PBXGroup section */
		EAAFF7B61FCA74E800EA839B /* watch */ = {
			isa = PBXGroup;
			children = (
				EAAFF7B71FCA74E800EA839B /* Interface.storyboard */,
				EAAFF7BA1FCA74E800EA839B /* Assets.xcassets */,
				EAAFF7BC1FCA74E800EA839B /* Info.plist */,
			);
			path = watch;
			sourceTree = "<group>";
		};
		EAAFF7C51FCA74E900EA839B /* watch Extension */ = {
			isa = PBXGroup;
			children = (
				EAAFF7C61FCA74E900EA839B /* InterfaceController.swift */,
				EAAFF7C81FCA74E900EA839B /* ExtensionDelegate.swift */,
				EAAFF7CA1FCA74E900EA839B /* Assets.xcassets */,
				EAAFF7CC1FCA74E900EA839B /* Info.plist */,
			);
			path = "watch Extension";
			sourceTree = "<group>";
		};
		FA5978F41F69D75C007F7C82 = {
			isa = PBXGroup;
			children = (
				FA5978FF1F69D75C007F7C82 /* ProyectoMoviles */,
				EAAFF7B61FCA74E800EA839B /* watch */,
				EAAFF7C51FCA74E900EA839B /* watch Extension */,
				FA5978FE1F69D75C007F7C82 /* Products */,
			);
			sourceTree = "<group>";
		};
		FA5978FE1F69D75C007F7C82 /* Products */ = {
			isa = PBXGroup;
			children = (
				FA5978FD1F69D75C007F7C82 /* ProyectoMoviles.app */,
				EAAFF7B51FCA74E800EA839B /* watch.app */,
				EAAFF7C11FCA74E900EA839B /* watch Extension.appex */,
			);
			name = Products;
			sourceTree = "<group>";
		};
		FA5978FF1F69D75C007F7C82 /* ProyectoMoviles */ = {
			isa = PBXGroup;
			children = (
				FA84170B1FA71A5500799128 /* controllers */,
				FA5979001F69D75C007F7C82 /* AppDelegate.swift */,
				FAB0EE651FA789EB006FC5D1 /* SeleccionRutaViewController.swift */,
				FAB0EE6B1FA79D0A006FC5D1 /* ObjectDireccion.swift */,
				FAB0EE671FA7926D006FC5D1 /* ObjectRutas.swift */,
				FAB0EE691FA79CC5006FC5D1 /* ObjectParada.swift */,
				FA5979021F69D75C007F7C82 /* ViewController.swift */,
				FA5979041F69D75C007F7C82 /* Main.storyboard */,
				FA5979071F69D75C007F7C82 /* Assets.xcassets */,
				FA5979091F69D75C007F7C82 /* LaunchScreen.storyboard */,
				FA59790C1F69D75C007F7C82 /* Info.plist */,
				EA057F2D1F6A151500B5E52F /* WelcomeViewController.swift */,
			);
			path = ProyectoMoviles;
			sourceTree = "<group>";
		};
		FA84170B1FA71A5500799128 /* controllers */ = {
			isa = PBXGroup;
			children = (
				FA84170F1FA71AB600799128 /* eventos */,
				FA84170E1FA71A9B00799128 /* notificaciones */,
				FA84170D1FA71A9100799128 /* rutas */,
				FA84170C1FA71A7B00799128 /* usuarios */,
			);
			path = controllers;
			sourceTree = "<group>";
		};
		FA84170C1FA71A7B00799128 /* usuarios */ = {
			isa = PBXGroup;
			children = (
				BFC9CA7D1FA69E02006410D2 /* UserViewController.swift */,
			);
			path = usuarios;
			sourceTree = "<group>";
		};
		FA84170D1FA71A9100799128 /* rutas */ = {
			isa = PBXGroup;
			children = (
				BF0784A91FA6F030001BF4C4 /* RutaDetalleViewController.swift */,
				BFC9CA7B1FA5A756006410D2 /* DetalleRutasViewController.swift */,
			);
			path = rutas;
			sourceTree = "<group>";
		};
		FA84170E1FA71A9B00799128 /* notificaciones */ = {
			isa = PBXGroup;
			children = (
				BF59C9611FA6B1D3005823C4 /* NotificationViewController.swift */,
			);
			path = notificaciones;
			sourceTree = "<group>";
		};
		FA84170F1FA71AB600799128 /* eventos */ = {
			isa = PBXGroup;
			children = (
				BF0784A71FA6DCC2001BF4C4 /* EventoViewController.swift */,
			);
			path = eventos;
			sourceTree = "<group>";
		};
/* End PBXGroup section */

/* Begin PBXNativeTarget section */
		EAAFF7B41FCA74E800EA839B /* watch */ = {
			isa = PBXNativeTarget;
			buildConfigurationList = EAAFF7D61FCA74E900EA839B /* Build configuration list for PBXNativeTarget "watch" */;
			buildPhases = (
				EAAFF7B31FCA74E800EA839B /* Resources */,
				EAAFF7D51FCA74E900EA839B /* Embed App Extensions */,
			);
			buildRules = (
			);
			dependencies = (
				EAAFF7C41FCA74E900EA839B /* PBXTargetDependency */,
			);
			name = watch;
			productName = watch;
			productReference = EAAFF7B51FCA74E800EA839B /* watch.app */;
			productType = "com.apple.product-type.application.watchapp2";
		};
		EAAFF7C01FCA74E900EA839B /* watch Extension */ = {
			isa = PBXNativeTarget;
			buildConfigurationList = EAAFF7D41FCA74E900EA839B /* Build configuration list for PBXNativeTarget "watch Extension" */;
			buildPhases = (
				EAAFF7BD1FCA74E900EA839B /* Sources */,
				EAAFF7BE1FCA74E900EA839B /* Frameworks */,
				EAAFF7BF1FCA74E900EA839B /* Resources */,
			);
			buildRules = (
			);
			dependencies = (
			);
			name = "watch Extension";
			productName = "watch Extension";
			productReference = EAAFF7C11FCA74E900EA839B /* watch Extension.appex */;
			productType = "com.apple.product-type.watchkit2-extension";
		};
		FA5978FC1F69D75C007F7C82 /* ProyectoMoviles */ = {
			isa = PBXNativeTarget;
			buildConfigurationList = FA59790F1F69D75C007F7C82 /* Build configuration list for PBXNativeTarget "ProyectoMoviles" */;
			buildPhases = (
				FA5978F91F69D75C007F7C82 /* Sources */,
				FA5978FA1F69D75C007F7C82 /* Frameworks */,
				FA5978FB1F69D75C007F7C82 /* Resources */,
				EAAFF7D71FCA74E900EA839B /* Embed Watch Content */,
			);
			buildRules = (
			);
			dependencies = (
				EAAFF7CE1FCA74E900EA839B /* PBXTargetDependency */,
			);
			name = ProyectoMoviles;
			productName = ProyectoMoviles;
			productReference = FA5978FD1F69D75C007F7C82 /* ProyectoMoviles.app */;
			productType = "com.apple.product-type.application";
		};
/* End PBXNativeTarget section */

/* Begin PBXProject section */
		FA5978F51F69D75C007F7C82 /* Project object */ = {
			isa = PBXProject;
			attributes = {
				LastSwiftUpdateCheck = 0910;
				LastUpgradeCheck = 0830;
				ORGANIZATIONNAME = alejandroCortizoFranza;
				TargetAttributes = {
					EAAFF7B41FCA74E800EA839B = {
						CreatedOnToolsVersion = 9.1;
						DevelopmentTeam = 4J66785M8S;
						ProvisioningStyle = Automatic;
					};
					EAAFF7C01FCA74E900EA839B = {
						CreatedOnToolsVersion = 9.1;
						ProvisioningStyle = Automatic;
					};
					FA5978FC1F69D75C007F7C82 = {
						CreatedOnToolsVersion = 8.3.3;
						DevelopmentTeam = 4J66785M8S;
						ProvisioningStyle = Automatic;
					};
				};
			};
			buildConfigurationList = FA5978F81F69D75C007F7C82 /* Build configuration list for PBXProject "ProyectoMoviles" */;
			compatibilityVersion = "Xcode 3.2";
			developmentRegion = English;
			hasScannedForEncodings = 0;
			knownRegions = (
				en,
				Base,
			);
			mainGroup = FA5978F41F69D75C007F7C82;
			productRefGroup = FA5978FE1F69D75C007F7C82 /* Products */;
			projectDirPath = "";
			projectRoot = "";
			targets = (
				FA5978FC1F69D75C007F7C82 /* ProyectoMoviles */,
				EAAFF7B41FCA74E800EA839B /* watch */,
				EAAFF7C01FCA74E900EA839B /* watch Extension */,
			);
		};
/* End PBXProject section */

/* Begin PBXResourcesBuildPhase section */
		EAAFF7B31FCA74E800EA839B /* Resources */ = {
			isa = PBXResourcesBuildPhase;
			buildActionMask = 2147483647;
			files = (
				EAAFF7BB1FCA74E800EA839B /* Assets.xcassets in Resources */,
				EAAFF7B91FCA74E800EA839B /* Interface.storyboard in Resources */,
			);
			runOnlyForDeploymentPostprocessing = 0;
		};
		EAAFF7BF1FCA74E900EA839B /* Resources */ = {
			isa = PBXResourcesBuildPhase;
			buildActionMask = 2147483647;
			files = (
				EAAFF7CB1FCA74E900EA839B /* Assets.xcassets in Resources */,
			);
			runOnlyForDeploymentPostprocessing = 0;
		};
		FA5978FB1F69D75C007F7C82 /* Resources */ = {
			isa = PBXResourcesBuildPhase;
			buildActionMask = 2147483647;
			files = (
				FA59790B1F69D75C007F7C82 /* LaunchScreen.storyboard in Resources */,
				FA5979081F69D75C007F7C82 /* Assets.xcassets in Resources */,
				FA5979061F69D75C007F7C82 /* Main.storyboard in Resources */,
			);
			runOnlyForDeploymentPostprocessing = 0;
		};
/* End PBXResourcesBuildPhase section */

/* Begin PBXSourcesBuildPhase section */
		EAAFF7BD1FCA74E900EA839B /* Sources */ = {
			isa = PBXSourcesBuildPhase;
			buildActionMask = 2147483647;
			files = (
				EAAFF7C91FCA74E900EA839B /* ExtensionDelegate.swift in Sources */,
				EAAFF7C71FCA74E900EA839B /* InterfaceController.swift in Sources */,
			);
			runOnlyForDeploymentPostprocessing = 0;
		};
		FA5978F91F69D75C007F7C82 /* Sources */ = {
			isa = PBXSourcesBuildPhase;
			buildActionMask = 2147483647;
			files = (
				EA057F2E1F6A151500B5E52F /* WelcomeViewController.swift in Sources */,
				BFC9CA7E1FA69E02006410D2 /* UserViewController.swift in Sources */,
				BFC9CA7C1FA5A756006410D2 /* DetalleRutasViewController.swift in Sources */,
				FAB0EE6C1FA79D0A006FC5D1 /* ObjectDireccion.swift in Sources */,
				FAB0EE6A1FA79CC5006FC5D1 /* ObjectParada.swift in Sources */,
				FAB0EE681FA7926D006FC5D1 /* ObjectRutas.swift in Sources */,
				BF59C9621FA6B1D3005823C4 /* NotificationViewController.swift in Sources */,
				FAB0EE661FA789EB006FC5D1 /* SeleccionRutaViewController.swift in Sources */,
				FA5979031F69D75C007F7C82 /* ViewController.swift in Sources */,
				BF0784A81FA6DCC2001BF4C4 /* EventoViewController.swift in Sources */,
				BF0784AA1FA6F030001BF4C4 /* RutaDetalleViewController.swift in Sources */,
				FA5979011F69D75C007F7C82 /* AppDelegate.swift in Sources */,
			);
			runOnlyForDeploymentPostprocessing = 0;
		};
/* End PBXSourcesBuildPhase section */

/* Begin PBXTargetDependency section */
		EAAFF7C41FCA74E900EA839B /* PBXTargetDependency */ = {
			isa = PBXTargetDependency;
			target = EAAFF7C01FCA74E900EA839B /* watch Extension */;
			targetProxy = EAAFF7C31FCA74E900EA839B /* PBXContainerItemProxy */;
		};
		EAAFF7CE1FCA74E900EA839B /* PBXTargetDependency */ = {
			isa = PBXTargetDependency;
			target = EAAFF7B41FCA74E800EA839B /* watch */;
			targetProxy = EAAFF7CD1FCA74E900EA839B /* PBXContainerItemProxy */;
		};
/* End PBXTargetDependency section */

/* Begin PBXVariantGroup section */
		EAAFF7B71FCA74E800EA839B /* Interface.storyboard */ = {
			isa = PBXVariantGroup;
			children = (
				EAAFF7B81FCA74E800EA839B /* Base */,
			);
			name = Interface.storyboard;
			sourceTree = "<group>";
		};
		FA5979041F69D75C007F7C82 /* Main.storyboard */ = {
			isa = PBXVariantGroup;
			children = (
				FA5979051F69D75C007F7C82 /* Base */,
			);
			name = Main.storyboard;
			sourceTree = "<group>";
		};
		FA5979091F69D75C007F7C82 /* LaunchScreen.storyboard */ = {
			isa = PBXVariantGroup;
			children = (
				FA59790A1F69D75C007F7C82 /* Base */,
			);
			name = LaunchScreen.storyboard;
			sourceTree = "<group>";
		};
/* End PBXVariantGroup section */

/* Begin XCBuildConfiguration section */
		EAAFF7D01FCA74E900EA839B /* Debug */ = {
			isa = XCBuildConfiguration;
			buildSettings = {
				ALWAYS_EMBED_SWIFT_STANDARD_LIBRARIES = YES;
				ASSETCATALOG_COMPILER_APPICON_NAME = AppIcon;
				CLANG_CXX_LANGUAGE_STANDARD = "gnu++14";
				CLANG_WARN_BLOCK_CAPTURE_AUTORELEASING = YES;
				CLANG_WARN_COMMA = YES;
				CLANG_WARN_NON_LITERAL_NULL_CONVERSION = YES;
				CLANG_WARN_OBJC_LITERAL_CONVERSION = YES;
				CLANG_WARN_RANGE_LOOP_ANALYSIS = YES;
				CLANG_WARN_STRICT_PROTOTYPES = YES;
				CLANG_WARN_UNGUARDED_AVAILABILITY = YES_AGGRESSIVE;
				CODE_SIGN_STYLE = Automatic;
				DEVELOPMENT_TEAM = 4J66785M8S;
				GCC_C_LANGUAGE_STANDARD = gnu11;
				IBSC_MODULE = watch_Extension;
				INFOPLIST_FILE = watch/Info.plist;
				PRODUCT_BUNDLE_IDENTIFIER = es.alejandroCortizoFranza.ProyectoMoviles.watchkitapp;
				PRODUCT_NAME = "$(TARGET_NAME)";
				SDKROOT = watchos;
				SKIP_INSTALL = YES;
				SWIFT_VERSION = 4.0;
				TARGETED_DEVICE_FAMILY = 4;
				WATCHOS_DEPLOYMENT_TARGET = 4.1;
			};
			name = Debug;
		};
		EAAFF7D11FCA74E900EA839B /* Release */ = {
			isa = XCBuildConfiguration;
			buildSettings = {
				ALWAYS_EMBED_SWIFT_STANDARD_LIBRARIES = YES;
				ASSETCATALOG_COMPILER_APPICON_NAME = AppIcon;
				CLANG_CXX_LANGUAGE_STANDARD = "gnu++14";
				CLANG_WARN_BLOCK_CAPTURE_AUTORELEASING = YES;
				CLANG_WARN_COMMA = YES;
				CLANG_WARN_NON_LITERAL_NULL_CONVERSION = YES;
				CLANG_WARN_OBJC_LITERAL_CONVERSION = YES;
				CLANG_WARN_RANGE_LOOP_ANALYSIS = YES;
				CLANG_WARN_STRICT_PROTOTYPES = YES;
				CLANG_WARN_UNGUARDED_AVAILABILITY = YES_AGGRESSIVE;
				CODE_SIGN_STYLE = Automatic;
				DEVELOPMENT_TEAM = 4J66785M8S;
				GCC_C_LANGUAGE_STANDARD = gnu11;
				IBSC_MODULE = watch_Extension;
				INFOPLIST_FILE = watch/Info.plist;
				PRODUCT_BUNDLE_IDENTIFIER = es.alejandroCortizoFranza.ProyectoMoviles.watchkitapp;
				PRODUCT_NAME = "$(TARGET_NAME)";
				SDKROOT = watchos;
				SKIP_INSTALL = YES;
				SWIFT_VERSION = 4.0;
				TARGETED_DEVICE_FAMILY = 4;
				WATCHOS_DEPLOYMENT_TARGET = 4.1;
			};
			name = Release;
		};
		EAAFF7D21FCA74E900EA839B /* Debug */ = {
			isa = XCBuildConfiguration;
			buildSettings = {
				ASSETCATALOG_COMPILER_COMPLICATION_NAME = Complication;
				CLANG_CXX_LANGUAGE_STANDARD = "gnu++14";
				CLANG_WARN_BLOCK_CAPTURE_AUTORELEASING = YES;
				CLANG_WARN_COMMA = YES;
				CLANG_WARN_NON_LITERAL_NULL_CONVERSION = YES;
				CLANG_WARN_OBJC_LITERAL_CONVERSION = YES;
				CLANG_WARN_RANGE_LOOP_ANALYSIS = YES;
				CLANG_WARN_STRICT_PROTOTYPES = YES;
				CLANG_WARN_UNGUARDED_AVAILABILITY = YES_AGGRESSIVE;
				CODE_SIGN_STYLE = Automatic;
				GCC_C_LANGUAGE_STANDARD = gnu11;
				INFOPLIST_FILE = "watch Extension/Info.plist";
				LD_RUNPATH_SEARCH_PATHS = "$(inherited) @executable_path/Frameworks @executable_path/../../Frameworks";
				PRODUCT_BUNDLE_IDENTIFIER = es.alejandroCortizoFranza.ProyectoMoviles.watchkitapp.watchkitextension;
				PRODUCT_NAME = "${TARGET_NAME}";
				SDKROOT = watchos;
				SKIP_INSTALL = YES;
				SWIFT_VERSION = 4.0;
				TARGETED_DEVICE_FAMILY = 4;
				WATCHOS_DEPLOYMENT_TARGET = 4.1;
			};
			name = Debug;
		};
		EAAFF7D31FCA74E900EA839B /* Release */ = {
			isa = XCBuildConfiguration;
			buildSettings = {
				ASSETCATALOG_COMPILER_COMPLICATION_NAME = Complication;
				CLANG_CXX_LANGUAGE_STANDARD = "gnu++14";
				CLANG_WARN_BLOCK_CAPTURE_AUTORELEASING = YES;
				CLANG_WARN_COMMA = YES;
				CLANG_WARN_NON_LITERAL_NULL_CONVERSION = YES;
				CLANG_WARN_OBJC_LITERAL_CONVERSION = YES;
				CLANG_WARN_RANGE_LOOP_ANALYSIS = YES;
				CLANG_WARN_STRICT_PROTOTYPES = YES;
				CLANG_WARN_UNGUARDED_AVAILABILITY = YES_AGGRESSIVE;
				CODE_SIGN_STYLE = Automatic;
				GCC_C_LANGUAGE_STANDARD = gnu11;
				INFOPLIST_FILE = "watch Extension/Info.plist";
				LD_RUNPATH_SEARCH_PATHS = "$(inherited) @executable_path/Frameworks @executable_path/../../Frameworks";
				PRODUCT_BUNDLE_IDENTIFIER = es.alejandroCortizoFranza.ProyectoMoviles.watchkitapp.watchkitextension;
				PRODUCT_NAME = "${TARGET_NAME}";
				SDKROOT = watchos;
				SKIP_INSTALL = YES;
				SWIFT_VERSION = 4.0;
				TARGETED_DEVICE_FAMILY = 4;
				WATCHOS_DEPLOYMENT_TARGET = 4.1;
			};
			name = Release;
		};
		FA59790D1F69D75C007F7C82 /* Debug */ = {
			isa = XCBuildConfiguration;
			buildSettings = {
				ALWAYS_SEARCH_USER_PATHS = NO;
				CLANG_ANALYZER_NONNULL = YES;
				CLANG_ANALYZER_NUMBER_OBJECT_CONVERSION = YES_AGGRESSIVE;
				CLANG_CXX_LANGUAGE_STANDARD = "gnu++0x";
				CLANG_CXX_LIBRARY = "libc++";
				CLANG_ENABLE_MODULES = YES;
				CLANG_ENABLE_OBJC_ARC = YES;
				CLANG_WARN_BOOL_CONVERSION = YES;
				CLANG_WARN_CONSTANT_CONVERSION = YES;
				CLANG_WARN_DIRECT_OBJC_ISA_USAGE = YES_ERROR;
				CLANG_WARN_DOCUMENTATION_COMMENTS = YES;
				CLANG_WARN_EMPTY_BODY = YES;
				CLANG_WARN_ENUM_CONVERSION = YES;
				CLANG_WARN_INFINITE_RECURSION = YES;
				CLANG_WARN_INT_CONVERSION = YES;
				CLANG_WARN_OBJC_ROOT_CLASS = YES_ERROR;
				CLANG_WARN_SUSPICIOUS_MOVE = YES;
				CLANG_WARN_UNREACHABLE_CODE = YES;
				CLANG_WARN__DUPLICATE_METHOD_MATCH = YES;
				"CODE_SIGN_IDENTITY[sdk=iphoneos*]" = "iPhone Developer";
				COPY_PHASE_STRIP = NO;
				DEBUG_INFORMATION_FORMAT = dwarf;
				ENABLE_STRICT_OBJC_MSGSEND = YES;
				ENABLE_TESTABILITY = YES;
				GCC_C_LANGUAGE_STANDARD = gnu99;
				GCC_DYNAMIC_NO_PIC = NO;
				GCC_NO_COMMON_BLOCKS = YES;
				GCC_OPTIMIZATION_LEVEL = 0;
				GCC_PREPROCESSOR_DEFINITIONS = (
					"DEBUG=1",
					"$(inherited)",
				);
				GCC_WARN_64_TO_32_BIT_CONVERSION = YES;
				GCC_WARN_ABOUT_RETURN_TYPE = YES_ERROR;
				GCC_WARN_UNDECLARED_SELECTOR = YES;
				GCC_WARN_UNINITIALIZED_AUTOS = YES_AGGRESSIVE;
				GCC_WARN_UNUSED_FUNCTION = YES;
				GCC_WARN_UNUSED_VARIABLE = YES;
				IPHONEOS_DEPLOYMENT_TARGET = 10.3;
				MTL_ENABLE_DEBUG_INFO = YES;
				ONLY_ACTIVE_ARCH = YES;
				SDKROOT = iphoneos;
				SWIFT_ACTIVE_COMPILATION_CONDITIONS = DEBUG;
				SWIFT_OPTIMIZATION_LEVEL = "-Onone";
				TARGETED_DEVICE_FAMILY = "1,2";
			};
			name = Debug;
		};
		FA59790E1F69D75C007F7C82 /* Release */ = {
			isa = XCBuildConfiguration;
			buildSettings = {
				ALWAYS_SEARCH_USER_PATHS = NO;
				CLANG_ANALYZER_NONNULL = YES;
				CLANG_ANALYZER_NUMBER_OBJECT_CONVERSION = YES_AGGRESSIVE;
				CLANG_CXX_LANGUAGE_STANDARD = "gnu++0x";
				CLANG_CXX_LIBRARY = "libc++";
				CLANG_ENABLE_MODULES = YES;
				CLANG_ENABLE_OBJC_ARC = YES;
				CLANG_WARN_BOOL_CONVERSION = YES;
				CLANG_WARN_CONSTANT_CONVERSION = YES;
				CLANG_WARN_DIRECT_OBJC_ISA_USAGE = YES_ERROR;
				CLANG_WARN_DOCUMENTATION_COMMENTS = YES;
				CLANG_WARN_EMPTY_BODY = YES;
				CLANG_WARN_ENUM_CONVERSION = YES;
				CLANG_WARN_INFINITE_RECURSION = YES;
				CLANG_WARN_INT_CONVERSION = YES;
				CLANG_WARN_OBJC_ROOT_CLASS = YES_ERROR;
				CLANG_WARN_SUSPICIOUS_MOVE = YES;
				CLANG_WARN_UNREACHABLE_CODE = YES;
				CLANG_WARN__DUPLICATE_METHOD_MATCH = YES;
				"CODE_SIGN_IDENTITY[sdk=iphoneos*]" = "iPhone Developer";
				COPY_PHASE_STRIP = NO;
				DEBUG_INFORMATION_FORMAT = "dwarf-with-dsym";
				ENABLE_NS_ASSERTIONS = NO;
				ENABLE_STRICT_OBJC_MSGSEND = YES;
				GCC_C_LANGUAGE_STANDARD = gnu99;
				GCC_NO_COMMON_BLOCKS = YES;
				GCC_WARN_64_TO_32_BIT_CONVERSION = YES;
				GCC_WARN_ABOUT_RETURN_TYPE = YES_ERROR;
				GCC_WARN_UNDECLARED_SELECTOR = YES;
				GCC_WARN_UNINITIALIZED_AUTOS = YES_AGGRESSIVE;
				GCC_WARN_UNUSED_FUNCTION = YES;
				GCC_WARN_UNUSED_VARIABLE = YES;
				IPHONEOS_DEPLOYMENT_TARGET = 10.3;
				MTL_ENABLE_DEBUG_INFO = NO;
				SDKROOT = iphoneos;
				SWIFT_OPTIMIZATION_LEVEL = "-Owholemodule";
				TARGETED_DEVICE_FAMILY = "1,2";
				VALIDATE_PRODUCT = YES;
			};
			name = Release;
		};
		FA5979101F69D75C007F7C82 /* Debug */ = {
			isa = XCBuildConfiguration;
			buildSettings = {
				ASSETCATALOG_COMPILER_APPICON_NAME = AppIcon;
				DEVELOPMENT_TEAM = 4J66785M8S;
				INFOPLIST_FILE = ProyectoMoviles/Info.plist;
				LD_RUNPATH_SEARCH_PATHS = "$(inherited) @executable_path/Frameworks";
				PRODUCT_BUNDLE_IDENTIFIER = es.alejandroCortizoFranza.ProyectoMoviles;
				PRODUCT_NAME = "$(TARGET_NAME)";
				SWIFT_VERSION = 3.0;
			};
			name = Debug;
		};
		FA5979111F69D75C007F7C82 /* Release */ = {
			isa = XCBuildConfiguration;
			buildSettings = {
				ASSETCATALOG_COMPILER_APPICON_NAME = AppIcon;
				DEVELOPMENT_TEAM = 4J66785M8S;
				INFOPLIST_FILE = ProyectoMoviles/Info.plist;
				LD_RUNPATH_SEARCH_PATHS = "$(inherited) @executable_path/Frameworks";
				PRODUCT_BUNDLE_IDENTIFIER = es.alejandroCortizoFranza.ProyectoMoviles;
				PRODUCT_NAME = "$(TARGET_NAME)";
				SWIFT_VERSION = 3.0;
			};
			name = Release;
		};
/* End XCBuildConfiguration section */

/* Begin XCConfigurationList section */
		EAAFF7D41FCA74E900EA839B /* Build configuration list for PBXNativeTarget "watch Extension" */ = {
			isa = XCConfigurationList;
			buildConfigurations = (
				EAAFF7D21FCA74E900EA839B /* Debug */,
				EAAFF7D31FCA74E900EA839B /* Release */,
			);
			defaultConfigurationIsVisible = 0;
			defaultConfigurationName = Release;
		};
		EAAFF7D61FCA74E900EA839B /* Build configuration list for PBXNativeTarget "watch" */ = {
			isa = XCConfigurationList;
			buildConfigurations = (
				EAAFF7D01FCA74E900EA839B /* Debug */,
				EAAFF7D11FCA74E900EA839B /* Release */,
			);
			defaultConfigurationIsVisible = 0;
			defaultConfigurationName = Release;
		};
		FA5978F81F69D75C007F7C82 /* Build configuration list for PBXProject "ProyectoMoviles" */ = {
			isa = XCConfigurationList;
			buildConfigurations = (
				FA59790D1F69D75C007F7C82 /* Debug */,
				FA59790E1F69D75C007F7C82 /* Release */,
			);
			defaultConfigurationIsVisible = 0;
			defaultConfigurationName = Release;
		};
		FA59790F1F69D75C007F7C82 /* Build configuration list for PBXNativeTarget "ProyectoMoviles" */ = {
			isa = XCConfigurationList;
			buildConfigurations = (
				FA5979101F69D75C007F7C82 /* Debug */,
				FA5979111F69D75C007F7C82 /* Release */,
			);
			defaultConfigurationIsVisible = 0;
			defaultConfigurationName = Release;
		};
/* End XCConfigurationList section */
	};
	rootObject = FA5978F51F69D75C007F7C82 /* Project object */;
}
